
Microsoft Visual Studio Solution File, Format Version 12.00
# Visual Studio Version 17
VisualStudioVersion = 17.4.33103.184
MinimumVisualStudioVersion = 10.0.40219.1
Project("{FAE04EC0-301F-11D3-BF4B-00C04F79EFBC}") = "AltaProject", "AltaProject.csproj", "{EEDBA6A7-E06B-484A-9158-F4B7398173E1}"
EndProject
Global
	GlobalSection(SolutionConfigurationPlatforms) = preSolution
		Debug|Any CPU = Debug|Any CPU
		Release|Any CPU = Release|Any CPU
	EndGlobalSection
	GlobalSection(ProjectConfigurationPlatforms) = postSolution
		{EEDBA6A7-E06B-484A-9158-F4B7398173E1}.Debug|Any CPU.ActiveCfg = Debug|Any CPU
		{EEDBA6A7-E06B-484A-9158-F4B7398173E1}.Debug|Any CPU.Build.0 = Debug|Any CPU
		{EEDBA6A7-E06B-484A-9158-F4B7398173E1}.Release|Any CPU.ActiveCfg = Release|Any CPU
		{EEDBA6A7-E06B-484A-9158-F4B7398173E1}.Release|Any CPU.Build.0 = Release|Any CPU
	EndGlobalSection
	GlobalSection(SolutionProperties) = preSolution
		HideSolutionNode = FALSE
	EndGlobalSection
	GlobalSection(ExtensibilityGlobals) = postSolution
		SolutionGuid = {3BFFA243-57D3-490B-9A4F-15120CEE14C5}
	EndGlobalSection
EndGlobal
